
Microsoft Visual Studio Solution File, Format Version 12.00
# Visual Studio Version 16
VisualStudioVersion = 16.0.30011.22
MinimumVisualStudioVersion = 10.0.40219.1
Project("{9A19103F-16F7-4668-BE54-9A1E7A4F7556}") = "Occ.GraphQLMiddlewareServer", "Occ.GraphQLMiddlewareServer\Occ.GraphQLMiddlewareServer.csproj", "{C8DBCFC2-7BAD-4C5C-909B-4035B47F75C7}"
EndProject
Project("{9A19103F-16F7-4668-BE54-9A1E7A4F7556}") = "Occ.Data", "Occ.Data\Occ.Data.csproj", "{73CA1F25-95A7-45A2-A86B-01DD302DD63F}"
EndProject
Project("{FAE04EC0-301F-11D3-BF4B-00C04F79EFBC}") = "Occ.HotChocolateMiddlewareServer", "Occ.HotChocolateMiddlewareServer\Occ.HotChocolateMiddlewareServer.csproj", "{BA105C93-60C9-48E6-B897-DA79564AB21D}"
EndProject
Global
	GlobalSection(SolutionConfigurationPlatforms) = preSolution
		Debug|Any CPU = Debug|Any CPU
		Release|Any CPU = Release|Any CPU
	EndGlobalSection
	GlobalSection(ProjectConfigurationPlatforms) = postSolution
		{C8DBCFC2-7BAD-4C5C-909B-4035B47F75C7}.Debug|Any CPU.ActiveCfg = Debug|Any CPU
		{C8DBCFC2-7BAD-4C5C-909B-4035B47F75C7}.Debug|Any CPU.Build.0 = Debug|Any CPU
		{C8DBCFC2-7BAD-4C5C-909B-4035B47F75C7}.Release|Any CPU.ActiveCfg = Release|Any CPU
		{C8DBCFC2-7BAD-4C5C-909B-4035B47F75C7}.Release|Any CPU.Build.0 = Release|Any CPU
		{73CA1F25-95A7-45A2-A86B-01DD302DD63F}.Debug|Any CPU.ActiveCfg = Debug|Any CPU
		{73CA1F25-95A7-45A2-A86B-01DD302DD63F}.Debug|Any CPU.Build.0 = Debug|Any CPU
		{73CA1F25-95A7-45A2-A86B-01DD302DD63F}.Release|Any CPU.ActiveCfg = Release|Any CPU
		{73CA1F25-95A7-45A2-A86B-01DD302DD63F}.Release|Any CPU.Build.0 = Release|Any CPU
		{BA105C93-60C9-48E6-B897-DA79564AB21D}.Debug|Any CPU.ActiveCfg = Debug|Any CPU
		{BA105C93-60C9-48E6-B897-DA79564AB21D}.Debug|Any CPU.Build.0 = Debug|Any CPU
		{BA105C93-60C9-48E6-B897-DA79564AB21D}.Release|Any CPU.ActiveCfg = Release|Any CPU
		{BA105C93-60C9-48E6-B897-DA79564AB21D}.Release|Any CPU.Build.0 = Release|Any CPU
	EndGlobalSection
	GlobalSection(SolutionProperties) = preSolution
		HideSolutionNode = FALSE
	EndGlobalSection
	GlobalSection(ExtensibilityGlobals) = postSolution
		SolutionGuid = {6A30278D-3B49-47B8-83D7-F09D9B295915}
	EndGlobalSection
EndGlobal
